
Microsoft Visual Studio Solution File, Format Version 12.00
# Visual Studio 2013
VisualStudioVersion = 12.0.31101.0
MinimumVisualStudioVersion = 10.0.40219.1
Project("{FAE04EC0-301F-11D3-BF4B-00C04F79EFBC}") = "cycle-analysis.Services", "cycle-analysis.Services\cycle-analysis.Services.csproj", "{2B0131AB-CD43-47FE-8D0E-2C80EE069762}"
EndProject
Project("{FAE04EC0-301F-11D3-BF4B-00C04F79EFBC}") = "cycle-analysis.Web", "cycle-analysis.Web\cycle-analysis.Web.csproj", "{32415527-525D-490D-8B46-7BA4C3D45F7C}"
EndProject
Project("{2150E333-8FDC-42A3-9474-1A3956D46DE8}") = ".nuget", ".nuget", "{994CCFA3-20A2-4987-A12A-F31F226D01C6}"
	ProjectSection(SolutionItems) = preProject
		.nuget\NuGet.Config = .nuget\NuGet.Config
		.nuget\NuGet.exe = .nuget\NuGet.exe
		.nuget\NuGet.targets = .nuget\NuGet.targets
	EndProjectSection
EndProject
Project("{FAE04EC0-301F-11D3-BF4B-00C04F79EFBC}") = "cycle-analysis.Domain", "cycle-analysis.Domain\cycle-analysis.Domain.csproj", "{7799C3CD-4811-4305-B604-8E011540B88E}"
EndProject
Project("{FAE04EC0-301F-11D3-BF4B-00C04F79EFBC}") = "cycle-analysis.Database", "cycle-analysis.Database\cycle-analysis.Database.csproj", "{A715AC9D-832F-4834-97A0-F4CDAC649683}"
EndProject
Project("{2150E333-8FDC-42A3-9474-1A3956D46DE8}") = "Tests", "Tests", "{A602AB62-C1CB-46CC-BFE8-241BEF47EAD9}"
EndProject
Project("{FAE04EC0-301F-11D3-BF4B-00C04F79EFBC}") = "cycle-analysis.Domain.Tests", "cycle-analysis.Domain.Tests\cycle-analysis.Domain.Tests.csproj", "{B0A36E89-9F93-4FFB-A36A-2D5F1351D1A2}"
EndProject
Global
	GlobalSection(SolutionConfigurationPlatforms) = preSolution
		Debug|Any CPU = Debug|Any CPU
		Release|Any CPU = Release|Any CPU
	EndGlobalSection
	GlobalSection(ProjectConfigurationPlatforms) = postSolution
		{2B0131AB-CD43-47FE-8D0E-2C80EE069762}.Debug|Any CPU.ActiveCfg = Debug|Any CPU
		{2B0131AB-CD43-47FE-8D0E-2C80EE069762}.Debug|Any CPU.Build.0 = Debug|Any CPU
		{2B0131AB-CD43-47FE-8D0E-2C80EE069762}.Release|Any CPU.ActiveCfg = Release|Any CPU
		{2B0131AB-CD43-47FE-8D0E-2C80EE069762}.Release|Any CPU.Build.0 = Release|Any CPU
		{32415527-525D-490D-8B46-7BA4C3D45F7C}.Debug|Any CPU.ActiveCfg = Debug|Any CPU
		{32415527-525D-490D-8B46-7BA4C3D45F7C}.Debug|Any CPU.Build.0 = Debug|Any CPU
		{32415527-525D-490D-8B46-7BA4C3D45F7C}.Release|Any CPU.ActiveCfg = Release|Any CPU
		{32415527-525D-490D-8B46-7BA4C3D45F7C}.Release|Any CPU.Build.0 = Release|Any CPU
		{7799C3CD-4811-4305-B604-8E011540B88E}.Debug|Any CPU.ActiveCfg = Debug|Any CPU
		{7799C3CD-4811-4305-B604-8E011540B88E}.Debug|Any CPU.Build.0 = Debug|Any CPU
		{7799C3CD-4811-4305-B604-8E011540B88E}.Release|Any CPU.ActiveCfg = Release|Any CPU
		{7799C3CD-4811-4305-B604-8E011540B88E}.Release|Any CPU.Build.0 = Release|Any CPU
		{A715AC9D-832F-4834-97A0-F4CDAC649683}.Debug|Any CPU.ActiveCfg = Debug|Any CPU
		{A715AC9D-832F-4834-97A0-F4CDAC649683}.Debug|Any CPU.Build.0 = Debug|Any CPU
		{A715AC9D-832F-4834-97A0-F4CDAC649683}.Release|Any CPU.ActiveCfg = Release|Any CPU
		{A715AC9D-832F-4834-97A0-F4CDAC649683}.Release|Any CPU.Build.0 = Release|Any CPU
		{B0A36E89-9F93-4FFB-A36A-2D5F1351D1A2}.Debug|Any CPU.ActiveCfg = Debug|Any CPU
		{B0A36E89-9F93-4FFB-A36A-2D5F1351D1A2}.Debug|Any CPU.Build.0 = Debug|Any CPU
		{B0A36E89-9F93-4FFB-A36A-2D5F1351D1A2}.Release|Any CPU.ActiveCfg = Release|Any CPU
		{B0A36E89-9F93-4FFB-A36A-2D5F1351D1A2}.Release|Any CPU.Build.0 = Release|Any CPU
	EndGlobalSection
	GlobalSection(SolutionProperties) = preSolution
		HideSolutionNode = FALSE
	EndGlobalSection
	GlobalSection(NestedProjects) = preSolution
		{B0A36E89-9F93-4FFB-A36A-2D5F1351D1A2} = {A602AB62-C1CB-46CC-BFE8-241BEF47EAD9}
	EndGlobalSection
EndGlobal
